
Microsoft Visual Studio Solution File, Format Version 12.00
# Visual Studio Version 17
VisualStudioVersion = 17.9.34723.18
MinimumVisualStudioVersion = 10.0.40219.1
Project("{FAE04EC0-301F-11D3-BF4B-00C04F79EFBC}") = "LinqProject", "Linq\LinqProject.csproj", "{EE293781-19F0-457E-AB04-94C39D316E20}"
EndProject
Global
	GlobalSection(SolutionConfigurationPlatforms) = preSolution
		Debug|Any CPU = Debug|Any CPU
		Release|Any CPU = Release|Any CPU
	EndGlobalSection
	GlobalSection(ProjectConfigurationPlatforms) = postSolution
		{EE293781-19F0-457E-AB04-94C39D316E20}.Debug|Any CPU.ActiveCfg = Debug|Any CPU
		{EE293781-19F0-457E-AB04-94C39D316E20}.Debug|Any CPU.Build.0 = Debug|Any CPU
		{EE293781-19F0-457E-AB04-94C39D316E20}.Release|Any CPU.ActiveCfg = Release|Any CPU
		{EE293781-19F0-457E-AB04-94C39D316E20}.Release|Any CPU.Build.0 = Release|Any CPU
	EndGlobalSection
	GlobalSection(SolutionProperties) = preSolution
		HideSolutionNode = FALSE
	EndGlobalSection
	GlobalSection(ExtensibilityGlobals) = postSolution
		SolutionGuid = {B1E75F06-E54D-487C-B7DA-DB59A06DC948}
	EndGlobalSection
EndGlobal
